// !$*UTF8*$!
{
	archiveVersion = 1;
	classes = {
	};
	objectVersion = 50;
	objects = {

/* Begin PBXBuildFile section */
		B1398121250682D800683110 /* ListEventTableViewCell.swift in Sources */ = {isa = PBXBuildFile; fileRef = B139811F250682D800683110 /* ListEventTableViewCell.swift */; };
		B1398122250682D800683110 /* ListEventTableViewCell.xib in Resources */ = {isa = PBXBuildFile; fileRef = B1398120250682D800683110 /* ListEventTableViewCell.xib */; };
		B1398125250689FB00683110 /* Helper.swift in Sources */ = {isa = PBXBuildFile; fileRef = B1398124250689FB00683110 /* Helper.swift */; };
		B1398128250696E800683110 /* DatePickerViewController.swift in Sources */ = {isa = PBXBuildFile; fileRef = B1398126250696E800683110 /* DatePickerViewController.swift */; };
		B1398129250696E800683110 /* DatePickerViewController.xib in Resources */ = {isa = PBXBuildFile; fileRef = B1398127250696E800683110 /* DatePickerViewController.xib */; };
		B14BFD062501FA090006BE0C /* AppDelegate.swift in Sources */ = {isa = PBXBuildFile; fileRef = B14BFD052501FA090006BE0C /* AppDelegate.swift */; };
		B14BFD082501FA090006BE0C /* SceneDelegate.swift in Sources */ = {isa = PBXBuildFile; fileRef = B14BFD072501FA090006BE0C /* SceneDelegate.swift */; };
		B14BFD102501FA090006BE0C /* Events.xcdatamodeld in Sources */ = {isa = PBXBuildFile; fileRef = B14BFD0E2501FA090006BE0C /* Events.xcdatamodeld */; };
		B14BFD122501FA0C0006BE0C /* Assets.xcassets in Resources */ = {isa = PBXBuildFile; fileRef = B14BFD112501FA0C0006BE0C /* Assets.xcassets */; };
		B14BFD152501FA0C0006BE0C /* LaunchScreen.storyboard in Resources */ = {isa = PBXBuildFile; fileRef = B14BFD132501FA0C0006BE0C /* LaunchScreen.storyboard */; };
		B14BFD202501FA0C0006BE0C /* EventsTests.swift in Sources */ = {isa = PBXBuildFile; fileRef = B14BFD1F2501FA0C0006BE0C /* EventsTests.swift */; };
		B14BFD2B2501FA0C0006BE0C /* EventsUITests.swift in Sources */ = {isa = PBXBuildFile; fileRef = B14BFD2A2501FA0C0006BE0C /* EventsUITests.swift */; };
		B16F132725036FDB0027D0F5 /* Color.xcassets in Resources */ = {isa = PBXBuildFile; fileRef = B16F132625036FDB0027D0F5 /* Color.xcassets */; };
		B16F132F250372F80027D0F5 /* HomeViewController.swift in Sources */ = {isa = PBXBuildFile; fileRef = B16F132D250372F80027D0F5 /* HomeViewController.swift */; };
		B16F1330250372F80027D0F5 /* HomeViewController.xib in Resources */ = {isa = PBXBuildFile; fileRef = B16F132E250372F80027D0F5 /* HomeViewController.xib */; };
		B16F1332250385C40027D0F5 /* ProtocolsLogin.swift in Sources */ = {isa = PBXBuildFile; fileRef = B16F1331250385C40027D0F5 /* ProtocolsLogin.swift */; };
		B16F13342504696F0027D0F5 /* HomeProtocols.swift in Sources */ = {isa = PBXBuildFile; fileRef = B16F13332504696F0027D0F5 /* HomeProtocols.swift */; };
		B16F133625046A430027D0F5 /* HomeRouter.swift in Sources */ = {isa = PBXBuildFile; fileRef = B16F133525046A430027D0F5 /* HomeRouter.swift */; };
		B16F133825046A5A0027D0F5 /* HomePresenter.swift in Sources */ = {isa = PBXBuildFile; fileRef = B16F133725046A5A0027D0F5 /* HomePresenter.swift */; };
		B16F133A25046A6A0027D0F5 /* HomeInteractor.swift in Sources */ = {isa = PBXBuildFile; fileRef = B16F133925046A6A0027D0F5 /* HomeInteractor.swift */; };
		B16F13432505101C0027D0F5 /* CreateViewController.swift in Sources */ = {isa = PBXBuildFile; fileRef = B16F13412505101C0027D0F5 /* CreateViewController.swift */; };
		B16F13442505101C0027D0F5 /* CreateViewController.xib in Resources */ = {isa = PBXBuildFile; fileRef = B16F13422505101C0027D0F5 /* CreateViewController.xib */; };
		B16F13462505102F0027D0F5 /* CreateInteractor.swift in Sources */ = {isa = PBXBuildFile; fileRef = B16F13452505102F0027D0F5 /* CreateInteractor.swift */; };
		B16F13482505103E0027D0F5 /* CreatePresenter.swift in Sources */ = {isa = PBXBuildFile; fileRef = B16F13472505103E0027D0F5 /* CreatePresenter.swift */; };
		B16F134A2505104E0027D0F5 /* CreateEntity.swift in Sources */ = {isa = PBXBuildFile; fileRef = B16F13492505104E0027D0F5 /* CreateEntity.swift */; };
		B16F134C250510B40027D0F5 /* CreateRouter.swift in Sources */ = {isa = PBXBuildFile; fileRef = B16F134B250510B40027D0F5 /* CreateRouter.swift */; };
		B16F134E250510C00027D0F5 /* CreateProtocols.swift in Sources */ = {isa = PBXBuildFile; fileRef = B16F134D250510C00027D0F5 /* CreateProtocols.swift */; };
		B197B2902502130C00C586D2 /* LoginViewController.swift in Sources */ = {isa = PBXBuildFile; fileRef = B197B28E2502130C00C586D2 /* LoginViewController.swift */; };
		B197B2912502130C00C586D2 /* LoginViewController.xib in Resources */ = {isa = PBXBuildFile; fileRef = B197B28F2502130C00C586D2 /* LoginViewController.xib */; };
		B197B2932502131D00C586D2 /* LoginInteractor.swift in Sources */ = {isa = PBXBuildFile; fileRef = B197B2922502131D00C586D2 /* LoginInteractor.swift */; };
		B197B2952502132D00C586D2 /* LoginPresenter.swift in Sources */ = {isa = PBXBuildFile; fileRef = B197B2942502132D00C586D2 /* LoginPresenter.swift */; };
		B197B2972502133A00C586D2 /* LoginEntity.swift in Sources */ = {isa = PBXBuildFile; fileRef = B197B2962502133A00C586D2 /* LoginEntity.swift */; };
		B197B2992502138100C586D2 /* LoginRouter.swift in Sources */ = {isa = PBXBuildFile; fileRef = B197B2982502138100C586D2 /* LoginRouter.swift */; };
		B197B29D25022F5600C586D2 /* Event.swift in Sources */ = {isa = PBXBuildFile; fileRef = B197B29C25022F5600C586D2 /* Event.swift */; };
		B1A614C72505EA4600FAF2C2 /* Menu.swift in Sources */ = {isa = PBXBuildFile; fileRef = B1A614C62505EA4600FAF2C2 /* Menu.swift */; };
		B1A614CA2505F7CE00FAF2C2 /* MenuCollectionViewCell.swift in Sources */ = {isa = PBXBuildFile; fileRef = B1A614C82505F7CE00FAF2C2 /* MenuCollectionViewCell.swift */; };
		B1A614CB2505F7CE00FAF2C2 /* MenuCollectionViewCell.xib in Resources */ = {isa = PBXBuildFile; fileRef = B1A614C92505F7CE00FAF2C2 /* MenuCollectionViewCell.xib */; };
/* End PBXBuildFile section */

/* Begin PBXContainerItemProxy section */
		B14BFD1C2501FA0C0006BE0C /* PBXContainerItemProxy */ = {
			isa = PBXContainerItemProxy;
			containerPortal = B14BFCFA2501FA090006BE0C /* Project object */;
			proxyType = 1;
			remoteGlobalIDString = B14BFD012501FA090006BE0C;
			remoteInfo = Events;
		};
		B14BFD272501FA0C0006BE0C /* PBXContainerItemProxy */ = {
			isa = PBXContainerItemProxy;
			containerPortal = B14BFCFA2501FA090006BE0C /* Project object */;
			proxyType = 1;
			remoteGlobalIDString = B14BFD012501FA090006BE0C;
			remoteInfo = Events;
		};
/* End PBXContainerItemProxy section */

/* Begin PBXFileReference section */
		B139811F250682D800683110 /* ListEventTableViewCell.swift */ = {isa = PBXFileReference; lastKnownFileType = sourcecode.swift; path = ListEventTableViewCell.swift; sourceTree = "<group>"; };
		B1398120250682D800683110 /* ListEventTableViewCell.xib */ = {isa = PBXFileReference; lastKnownFileType = file.xib; path = ListEventTableViewCell.xib; sourceTree = "<group>"; };
		B1398124250689FB00683110 /* Helper.swift */ = {isa = PBXFileReference; lastKnownFileType = sourcecode.swift; path = Helper.swift; sourceTree = "<group>"; };
		B1398126250696E800683110 /* DatePickerViewController.swift */ = {isa = PBXFileReference; lastKnownFileType = sourcecode.swift; path = DatePickerViewController.swift; sourceTree = "<group>"; };
		B1398127250696E800683110 /* DatePickerViewController.xib */ = {isa = PBXFileReference; lastKnownFileType = file.xib; path = DatePickerViewController.xib; sourceTree = "<group>"; };
		B14BFD022501FA090006BE0C /* Events.app */ = {isa = PBXFileReference; explicitFileType = wrapper.application; includeInIndex = 0; path = Events.app; sourceTree = BUILT_PRODUCTS_DIR; };
		B14BFD052501FA090006BE0C /* AppDelegate.swift */ = {isa = PBXFileReference; lastKnownFileType = sourcecode.swift; path = AppDelegate.swift; sourceTree = "<group>"; };
		B14BFD072501FA090006BE0C /* SceneDelegate.swift */ = {isa = PBXFileReference; lastKnownFileType = sourcecode.swift; path = SceneDelegate.swift; sourceTree = "<group>"; };
		B14BFD0F2501FA090006BE0C /* Events.xcdatamodel */ = {isa = PBXFileReference; lastKnownFileType = wrapper.xcdatamodel; path = Events.xcdatamodel; sourceTree = "<group>"; };
		B14BFD112501FA0C0006BE0C /* Assets.xcassets */ = {isa = PBXFileReference; lastKnownFileType = folder.assetcatalog; path = Assets.xcassets; sourceTree = "<group>"; };
		B14BFD142501FA0C0006BE0C /* Base */ = {isa = PBXFileReference; lastKnownFileType = file.storyboard; name = Base; path = Base.lproj/LaunchScreen.storyboard; sourceTree = "<group>"; };
		B14BFD162501FA0C0006BE0C /* Info.plist */ = {isa = PBXFileReference; lastKnownFileType = text.plist.xml; path = Info.plist; sourceTree = "<group>"; };
		B14BFD1B2501FA0C0006BE0C /* EventsTests.xctest */ = {isa = PBXFileReference; explicitFileType = wrapper.cfbundle; includeInIndex = 0; path = EventsTests.xctest; sourceTree = BUILT_PRODUCTS_DIR; };
		B14BFD1F2501FA0C0006BE0C /* EventsTests.swift */ = {isa = PBXFileReference; lastKnownFileType = sourcecode.swift; path = EventsTests.swift; sourceTree = "<group>"; };
		B14BFD212501FA0C0006BE0C /* Info.plist */ = {isa = PBXFileReference; lastKnownFileType = text.plist.xml; path = Info.plist; sourceTree = "<group>"; };
		B14BFD262501FA0C0006BE0C /* EventsUITests.xctest */ = {isa = PBXFileReference; explicitFileType = wrapper.cfbundle; includeInIndex = 0; path = EventsUITests.xctest; sourceTree = BUILT_PRODUCTS_DIR; };
		B14BFD2A2501FA0C0006BE0C /* EventsUITests.swift */ = {isa = PBXFileReference; lastKnownFileType = sourcecode.swift; path = EventsUITests.swift; sourceTree = "<group>"; };
		B14BFD2C2501FA0C0006BE0C /* Info.plist */ = {isa = PBXFileReference; lastKnownFileType = text.plist.xml; path = Info.plist; sourceTree = "<group>"; };
		B16F132625036FDB0027D0F5 /* Color.xcassets */ = {isa = PBXFileReference; lastKnownFileType = folder.assetcatalog; path = Color.xcassets; sourceTree = "<group>"; };
		B16F132D250372F80027D0F5 /* HomeViewController.swift */ = {isa = PBXFileReference; lastKnownFileType = sourcecode.swift; path = HomeViewController.swift; sourceTree = "<group>"; };
		B16F132E250372F80027D0F5 /* HomeViewController.xib */ = {isa = PBXFileReference; lastKnownFileType = file.xib; path = HomeViewController.xib; sourceTree = "<group>"; };
		B16F1331250385C40027D0F5 /* ProtocolsLogin.swift */ = {isa = PBXFileReference; lastKnownFileType = sourcecode.swift; path = ProtocolsLogin.swift; sourceTree = "<group>"; };
		B16F13332504696F0027D0F5 /* HomeProtocols.swift */ = {isa = PBXFileReference; lastKnownFileType = sourcecode.swift; path = HomeProtocols.swift; sourceTree = "<group>"; };
		B16F133525046A430027D0F5 /* HomeRouter.swift */ = {isa = PBXFileReference; lastKnownFileType = sourcecode.swift; path = HomeRouter.swift; sourceTree = "<group>"; };
		B16F133725046A5A0027D0F5 /* HomePresenter.swift */ = {isa = PBXFileReference; lastKnownFileType = sourcecode.swift; path = HomePresenter.swift; sourceTree = "<group>"; };
		B16F133925046A6A0027D0F5 /* HomeInteractor.swift */ = {isa = PBXFileReference; lastKnownFileType = sourcecode.swift; path = HomeInteractor.swift; sourceTree = "<group>"; };
		B16F13412505101C0027D0F5 /* CreateViewController.swift */ = {isa = PBXFileReference; lastKnownFileType = sourcecode.swift; path = CreateViewController.swift; sourceTree = "<group>"; };
		B16F13422505101C0027D0F5 /* CreateViewController.xib */ = {isa = PBXFileReference; lastKnownFileType = file.xib; path = CreateViewController.xib; sourceTree = "<group>"; };
		B16F13452505102F0027D0F5 /* CreateInteractor.swift */ = {isa = PBXFileReference; lastKnownFileType = sourcecode.swift; path = CreateInteractor.swift; sourceTree = "<group>"; };
		B16F13472505103E0027D0F5 /* CreatePresenter.swift */ = {isa = PBXFileReference; lastKnownFileType = sourcecode.swift; path = CreatePresenter.swift; sourceTree = "<group>"; };
		B16F13492505104E0027D0F5 /* CreateEntity.swift */ = {isa = PBXFileReference; lastKnownFileType = sourcecode.swift; path = CreateEntity.swift; sourceTree = "<group>"; };
		B16F134B250510B40027D0F5 /* CreateRouter.swift */ = {isa = PBXFileReference; lastKnownFileType = sourcecode.swift; path = CreateRouter.swift; sourceTree = "<group>"; };
		B16F134D250510C00027D0F5 /* CreateProtocols.swift */ = {isa = PBXFileReference; lastKnownFileType = sourcecode.swift; path = CreateProtocols.swift; sourceTree = "<group>"; };
		B197B28E2502130C00C586D2 /* LoginViewController.swift */ = {isa = PBXFileReference; lastKnownFileType = sourcecode.swift; path = LoginViewController.swift; sourceTree = "<group>"; };
		B197B28F2502130C00C586D2 /* LoginViewController.xib */ = {isa = PBXFileReference; lastKnownFileType = file.xib; path = LoginViewController.xib; sourceTree = "<group>"; };
		B197B2922502131D00C586D2 /* LoginInteractor.swift */ = {isa = PBXFileReference; lastKnownFileType = sourcecode.swift; path = LoginInteractor.swift; sourceTree = "<group>"; };
		B197B2942502132D00C586D2 /* LoginPresenter.swift */ = {isa = PBXFileReference; lastKnownFileType = sourcecode.swift; path = LoginPresenter.swift; sourceTree = "<group>"; };
		B197B2962502133A00C586D2 /* LoginEntity.swift */ = {isa = PBXFileReference; lastKnownFileType = sourcecode.swift; path = LoginEntity.swift; sourceTree = "<group>"; };
		B197B2982502138100C586D2 /* LoginRouter.swift */ = {isa = PBXFileReference; lastKnownFileType = sourcecode.swift; path = LoginRouter.swift; sourceTree = "<group>"; };
		B197B29C25022F5600C586D2 /* Event.swift */ = {isa = PBXFileReference; lastKnownFileType = sourcecode.swift; path = Event.swift; sourceTree = "<group>"; };
		B1A614C62505EA4600FAF2C2 /* Menu.swift */ = {isa = PBXFileReference; lastKnownFileType = sourcecode.swift; path = Menu.swift; sourceTree = "<group>"; };
		B1A614C82505F7CE00FAF2C2 /* MenuCollectionViewCell.swift */ = {isa = PBXFileReference; lastKnownFileType = sourcecode.swift; path = MenuCollectionViewCell.swift; sourceTree = "<group>"; };
		B1A614C92505F7CE00FAF2C2 /* MenuCollectionViewCell.xib */ = {isa = PBXFileReference; lastKnownFileType = file.xib; path = MenuCollectionViewCell.xib; sourceTree = "<group>"; };
/* End PBXFileReference section */

/* Begin PBXFrameworksBuildPhase section */
		B14BFCFF2501FA090006BE0C /* Frameworks */ = {
			isa = PBXFrameworksBuildPhase;
			buildActionMask = 2147483647;
			files = (
			);
			runOnlyForDeploymentPostprocessing = 0;
		};
		B14BFD182501FA0C0006BE0C /* Frameworks */ = {
			isa = PBXFrameworksBuildPhase;
			buildActionMask = 2147483647;
			files = (
			);
			runOnlyForDeploymentPostprocessing = 0;
		};
		B14BFD232501FA0C0006BE0C /* Frameworks */ = {
			isa = PBXFrameworksBuildPhase;
			buildActionMask = 2147483647;
			files = (
			);
			runOnlyForDeploymentPostprocessing = 0;
		};
/* End PBXFrameworksBuildPhase section */

/* Begin PBXGroup section */
		B1398123250689E600683110 /* Helper */ = {
			isa = PBXGroup;
			children = (
				B1398124250689FB00683110 /* Helper.swift */,
			);
			path = Helper;
			sourceTree = "<group>";
		};
		B14BFCF92501FA090006BE0C = {
			isa = PBXGroup;
			children = (
				B14BFD042501FA090006BE0C /* Events */,
				B14BFD1E2501FA0C0006BE0C /* EventsTests */,
				B14BFD292501FA0C0006BE0C /* EventsUITests */,
				B14BFD032501FA090006BE0C /* Products */,
			);
			sourceTree = "<group>";
		};
		B14BFD032501FA090006BE0C /* Products */ = {
			isa = PBXGroup;
			children = (
				B14BFD022501FA090006BE0C /* Events.app */,
				B14BFD1B2501FA0C0006BE0C /* EventsTests.xctest */,
				B14BFD262501FA0C0006BE0C /* EventsUITests.xctest */,
			);
			name = Products;
			sourceTree = "<group>";
		};
		B14BFD042501FA090006BE0C /* Events */ = {
			isa = PBXGroup;
			children = (
				B1398123250689E600683110 /* Helper */,
				B197B2882502126700C586D2 /* Create */,
				B197B2872502125600C586D2 /* Home */,
				B197B2862502124A00C586D2 /* Login */,
				B14BFD052501FA090006BE0C /* AppDelegate.swift */,
				B14BFD072501FA090006BE0C /* SceneDelegate.swift */,
				B14BFD112501FA0C0006BE0C /* Assets.xcassets */,
				B16F132625036FDB0027D0F5 /* Color.xcassets */,
				B14BFD132501FA0C0006BE0C /* LaunchScreen.storyboard */,
				B14BFD162501FA0C0006BE0C /* Info.plist */,
				B14BFD0E2501FA090006BE0C /* Events.xcdatamodeld */,
			);
			path = Events;
			sourceTree = "<group>";
		};
		B14BFD1E2501FA0C0006BE0C /* EventsTests */ = {
			isa = PBXGroup;
			children = (
				B14BFD1F2501FA0C0006BE0C /* EventsTests.swift */,
				B14BFD212501FA0C0006BE0C /* Info.plist */,
			);
			path = EventsTests;
			sourceTree = "<group>";
		};
		B14BFD292501FA0C0006BE0C /* EventsUITests */ = {
			isa = PBXGroup;
			children = (
				B14BFD2A2501FA0C0006BE0C /* EventsUITests.swift */,
				B14BFD2C2501FA0C0006BE0C /* Info.plist */,
			);
			path = EventsUITests;
			sourceTree = "<group>";
		};
		B16F13282503729B0027D0F5 /* view */ = {
			isa = PBXGroup;
			children = (
				B16F132D250372F80027D0F5 /* HomeViewController.swift */,
				B16F132E250372F80027D0F5 /* HomeViewController.xib */,
				B1A614C82505F7CE00FAF2C2 /* MenuCollectionViewCell.swift */,
				B1A614C92505F7CE00FAF2C2 /* MenuCollectionViewCell.xib */,
				B139811F250682D800683110 /* ListEventTableViewCell.swift */,
				B1398120250682D800683110 /* ListEventTableViewCell.xib */,
			);
			path = view;
			sourceTree = "<group>";
		};
		B16F13292503729F0027D0F5 /* interactor */ = {
			isa = PBXGroup;
			children = (
				B16F133925046A6A0027D0F5 /* HomeInteractor.swift */,
			);
			path = interactor;
			sourceTree = "<group>";
		};
		B16F132A250372C10027D0F5 /* presenter */ = {
			isa = PBXGroup;
			children = (
				B16F133725046A5A0027D0F5 /* HomePresenter.swift */,
			);
			path = presenter;
			sourceTree = "<group>";
		};
		B16F132B250372D20027D0F5 /* router */ = {
			isa = PBXGroup;
			children = (
				B16F133525046A430027D0F5 /* HomeRouter.swift */,
			);
			path = router;
			sourceTree = "<group>";
		};
		B16F132C250372DB0027D0F5 /* protocol */ = {
			isa = PBXGroup;
			children = (
				B16F13332504696F0027D0F5 /* HomeProtocols.swift */,
			);
			path = protocol;
			sourceTree = "<group>";
		};
		B16F133B25048A1F0027D0F5 /* view */ = {
			isa = PBXGroup;
			children = (
				B16F13412505101C0027D0F5 /* CreateViewController.swift */,
				B16F13422505101C0027D0F5 /* CreateViewController.xib */,
				B1398126250696E800683110 /* DatePickerViewController.swift */,
				B1398127250696E800683110 /* DatePickerViewController.xib */,
			);
			path = view;
			sourceTree = "<group>";
		};
		B16F133C25048A250027D0F5 /* interactor */ = {
			isa = PBXGroup;
			children = (
				B16F13452505102F0027D0F5 /* CreateInteractor.swift */,
			);
			path = interactor;
			sourceTree = "<group>";
		};
		B16F133D25048A2D0027D0F5 /* presenter */ = {
			isa = PBXGroup;
			children = (
				B16F13472505103E0027D0F5 /* CreatePresenter.swift */,
			);
			path = presenter;
			sourceTree = "<group>";
		};
		B16F133E25048A390027D0F5 /* entity */ = {
			isa = PBXGroup;
			children = (
				B16F13492505104E0027D0F5 /* CreateEntity.swift */,
			);
			path = entity;
			sourceTree = "<group>";
		};
		B16F133F25048A470027D0F5 /* router */ = {
			isa = PBXGroup;
			children = (
				B16F134B250510B40027D0F5 /* CreateRouter.swift */,
			);
			path = router;
			sourceTree = "<group>";
		};
		B16F134025048A560027D0F5 /* protocol */ = {
			isa = PBXGroup;
			children = (
				B16F134D250510C00027D0F5 /* CreateProtocols.swift */,
			);
			path = protocol;
			sourceTree = "<group>";
		};
		B197B2862502124A00C586D2 /* Login */ = {
			isa = PBXGroup;
			children = (
				B197B29B25022F3C00C586D2 /* protocols */,
				B197B28D250212E900C586D2 /* router */,
				B197B28C250212E200C586D2 /* entity */,
				B197B28B250212DA00C586D2 /* presenter */,
				B197B28A250212C900C586D2 /* interactor */,
				B197B289250212C500C586D2 /* view */,
			);
			path = Login;
			sourceTree = "<group>";
		};
		B197B2872502125600C586D2 /* Home */ = {
			isa = PBXGroup;
			children = (
				B16F132C250372DB0027D0F5 /* protocol */,
				B16F132B250372D20027D0F5 /* router */,
				B197B29A25022F2D00C586D2 /* entity */,
				B16F132A250372C10027D0F5 /* presenter */,
				B16F13292503729F0027D0F5 /* interactor */,
				B16F13282503729B0027D0F5 /* view */,
			);
			path = Home;
			sourceTree = "<group>";
		};
		B197B2882502126700C586D2 /* Create */ = {
			isa = PBXGroup;
			children = (
				B16F134025048A560027D0F5 /* protocol */,
				B16F133F25048A470027D0F5 /* router */,
				B16F133E25048A390027D0F5 /* entity */,
				B16F133D25048A2D0027D0F5 /* presenter */,
				B16F133C25048A250027D0F5 /* interactor */,
				B16F133B25048A1F0027D0F5 /* view */,
			);
			path = Create;
			sourceTree = "<group>";
		};
		B197B289250212C500C586D2 /* view */ = {
			isa = PBXGroup;
			children = (
				B197B28E2502130C00C586D2 /* LoginViewController.swift */,
				B197B28F2502130C00C586D2 /* LoginViewController.xib */,
			);
			path = view;
			sourceTree = "<group>";
		};
		B197B28A250212C900C586D2 /* interactor */ = {
			isa = PBXGroup;
			children = (
				B197B2922502131D00C586D2 /* LoginInteractor.swift */,
			);
			path = interactor;
			sourceTree = "<group>";
		};
		B197B28B250212DA00C586D2 /* presenter */ = {
			isa = PBXGroup;
			children = (
				B197B2942502132D00C586D2 /* LoginPresenter.swift */,
			);
			path = presenter;
			sourceTree = "<group>";
		};
		B197B28C250212E200C586D2 /* entity */ = {
			isa = PBXGroup;
			children = (
				B197B2962502133A00C586D2 /* LoginEntity.swift */,
			);
			path = entity;
			sourceTree = "<group>";
		};
		B197B28D250212E900C586D2 /* router */ = {
			isa = PBXGroup;
			children = (
				B197B2982502138100C586D2 /* LoginRouter.swift */,
			);
			path = router;
			sourceTree = "<group>";
		};
		B197B29A25022F2D00C586D2 /* entity */ = {
			isa = PBXGroup;
			children = (
				B197B29C25022F5600C586D2 /* Event.swift */,
				B1A614C62505EA4600FAF2C2 /* Menu.swift */,
			);
			path = entity;
			sourceTree = "<group>";
		};
		B197B29B25022F3C00C586D2 /* protocols */ = {
			isa = PBXGroup;
			children = (
				B16F1331250385C40027D0F5 /* ProtocolsLogin.swift */,
			);
			path = protocols;
			sourceTree = "<group>";
		};
/* End PBXGroup section */

/* Begin PBXNativeTarget section */
		B14BFD012501FA090006BE0C /* Events */ = {
			isa = PBXNativeTarget;
			buildConfigurationList = B14BFD2F2501FA0C0006BE0C /* Build configuration list for PBXNativeTarget "Events" */;
			buildPhases = (
				B14BFCFE2501FA090006BE0C /* Sources */,
				B14BFCFF2501FA090006BE0C /* Frameworks */,
				B14BFD002501FA090006BE0C /* Resources */,
			);
			buildRules = (
			);
			dependencies = (
			);
			name = Events;
			productName = Events;
			productReference = B14BFD022501FA090006BE0C /* Events.app */;
			productType = "com.apple.product-type.application";
		};
		B14BFD1A2501FA0C0006BE0C /* EventsTests */ = {
			isa = PBXNativeTarget;
			buildConfigurationList = B14BFD322501FA0C0006BE0C /* Build configuration list for PBXNativeTarget "EventsTests" */;
			buildPhases = (
				B14BFD172501FA0C0006BE0C /* Sources */,
				B14BFD182501FA0C0006BE0C /* Frameworks */,
				B14BFD192501FA0C0006BE0C /* Resources */,
			);
			buildRules = (
			);
			dependencies = (
				B14BFD1D2501FA0C0006BE0C /* PBXTargetDependency */,
			);
			name = EventsTests;
			productName = EventsTests;
			productReference = B14BFD1B2501FA0C0006BE0C /* EventsTests.xctest */;
			productType = "com.apple.product-type.bundle.unit-test";
		};
		B14BFD252501FA0C0006BE0C /* EventsUITests */ = {
			isa = PBXNativeTarget;
			buildConfigurationList = B14BFD352501FA0C0006BE0C /* Build configuration list for PBXNativeTarget "EventsUITests" */;
			buildPhases = (
				B14BFD222501FA0C0006BE0C /* Sources */,
				B14BFD232501FA0C0006BE0C /* Frameworks */,
				B14BFD242501FA0C0006BE0C /* Resources */,
			);
			buildRules = (
			);
			dependencies = (
				B14BFD282501FA0C0006BE0C /* PBXTargetDependency */,
			);
			name = EventsUITests;
			productName = EventsUITests;
			productReference = B14BFD262501FA0C0006BE0C /* EventsUITests.xctest */;
			productType = "com.apple.product-type.bundle.ui-testing";
		};
/* End PBXNativeTarget section */

/* Begin PBXProject section */
		B14BFCFA2501FA090006BE0C /* Project object */ = {
			isa = PBXProject;
			attributes = {
				LastSwiftUpdateCheck = 1150;
				LastUpgradeCheck = 1150;
				ORGANIZATIONNAME = "Puji Wahono";
				TargetAttributes = {
					B14BFD012501FA090006BE0C = {
						CreatedOnToolsVersion = 11.5;
					};
					B14BFD1A2501FA0C0006BE0C = {
						CreatedOnToolsVersion = 11.5;
						TestTargetID = B14BFD012501FA090006BE0C;
					};
					B14BFD252501FA0C0006BE0C = {
						CreatedOnToolsVersion = 11.5;
						TestTargetID = B14BFD012501FA090006BE0C;
					};
				};
			};
			buildConfigurationList = B14BFCFD2501FA090006BE0C /* Build configuration list for PBXProject "Events" */;
			compatibilityVersion = "Xcode 9.3";
			developmentRegion = en;
			hasScannedForEncodings = 0;
			knownRegions = (
				en,
				Base,
			);
			mainGroup = B14BFCF92501FA090006BE0C;
			productRefGroup = B14BFD032501FA090006BE0C /* Products */;
			projectDirPath = "";
			projectRoot = "";
			targets = (
				B14BFD012501FA090006BE0C /* Events */,
				B14BFD1A2501FA0C0006BE0C /* EventsTests */,
				B14BFD252501FA0C0006BE0C /* EventsUITests */,
			);
		};
/* End PBXProject section */

/* Begin PBXResourcesBuildPhase section */
		B14BFD002501FA090006BE0C /* Resources */ = {
			isa = PBXResourcesBuildPhase;
			buildActionMask = 2147483647;
			files = (
				B1A614CB2505F7CE00FAF2C2 /* MenuCollectionViewCell.xib in Resources */,
				B197B2912502130C00C586D2 /* LoginViewController.xib in Resources */,
				B14BFD152501FA0C0006BE0C /* LaunchScreen.storyboard in Resources */,
				B16F132725036FDB0027D0F5 /* Color.xcassets in Resources */,
				B1398122250682D800683110 /* ListEventTableViewCell.xib in Resources */,
				B14BFD122501FA0C0006BE0C /* Assets.xcassets in Resources */,
				B1398129250696E800683110 /* DatePickerViewController.xib in Resources */,
				B16F1330250372F80027D0F5 /* HomeViewController.xib in Resources */,
				B16F13442505101C0027D0F5 /* CreateViewController.xib in Resources */,
			);
			runOnlyForDeploymentPostprocessing = 0;
		};
		B14BFD192501FA0C0006BE0C /* Resources */ = {
			isa = PBXResourcesBuildPhase;
			buildActionMask = 2147483647;
			files = (
			);
			runOnlyForDeploymentPostprocessing = 0;
		};
		B14BFD242501FA0C0006BE0C /* Resources */ = {
			isa = PBXResourcesBuildPhase;
			buildActionMask = 2147483647;
			files = (
			);
			runOnlyForDeploymentPostprocessing = 0;
		};
/* End PBXResourcesBuildPhase section */

/* Begin PBXSourcesBuildPhase section */
		B14BFCFE2501FA090006BE0C /* Sources */ = {
			isa = PBXSourcesBuildPhase;
			buildActionMask = 2147483647;
			files = (
				B14BFD102501FA090006BE0C /* Events.xcdatamodeld in Sources */,
				B16F134A2505104E0027D0F5 /* CreateEntity.swift in Sources */,
				B197B2952502132D00C586D2 /* LoginPresenter.swift in Sources */,
				B16F13432505101C0027D0F5 /* CreateViewController.swift in Sources */,
				B16F133A25046A6A0027D0F5 /* HomeInteractor.swift in Sources */,
				B16F133825046A5A0027D0F5 /* HomePresenter.swift in Sources */,
				B16F13482505103E0027D0F5 /* CreatePresenter.swift in Sources */,
				B1A614CA2505F7CE00FAF2C2 /* MenuCollectionViewCell.swift in Sources */,
				B1398121250682D800683110 /* ListEventTableViewCell.swift in Sources */,
				B197B2932502131D00C586D2 /* LoginInteractor.swift in Sources */,
				B197B29D25022F5600C586D2 /* Event.swift in Sources */,
				B16F1332250385C40027D0F5 /* ProtocolsLogin.swift in Sources */,
				B16F134C250510B40027D0F5 /* CreateRouter.swift in Sources */,
				B16F13342504696F0027D0F5 /* HomeProtocols.swift in Sources */,
				B1398128250696E800683110 /* DatePickerViewController.swift in Sources */,
				B14BFD062501FA090006BE0C /* AppDelegate.swift in Sources */,
				B197B2992502138100C586D2 /* LoginRouter.swift in Sources */,
				B16F13462505102F0027D0F5 /* CreateInteractor.swift in Sources */,
				B16F133625046A430027D0F5 /* HomeRouter.swift in Sources */,
				B1A614C72505EA4600FAF2C2 /* Menu.swift in Sources */,
				B16F134E250510C00027D0F5 /* CreateProtocols.swift in Sources */,
				B16F132F250372F80027D0F5 /* HomeViewController.swift in Sources */,
				B197B2972502133A00C586D2 /* LoginEntity.swift in Sources */,
				B1398125250689FB00683110 /* Helper.swift in Sources */,
				B197B2902502130C00C586D2 /* LoginViewController.swift in Sources */,
				B14BFD082501FA090006BE0C /* SceneDelegate.swift in Sources */,
			);
			runOnlyForDeploymentPostprocessing = 0;
		};
		B14BFD172501FA0C0006BE0C /* Sources */ = {
			isa = PBXSourcesBuildPhase;
			buildActionMask = 2147483647;
			files = (
				B14BFD202501FA0C0006BE0C /* EventsTests.swift in Sources */,
			);
			runOnlyForDeploymentPostprocessing = 0;
		};
		B14BFD222501FA0C0006BE0C /* Sources */ = {
			isa = PBXSourcesBuildPhase;
			buildActionMask = 2147483647;
			files = (
				B14BFD2B2501FA0C0006BE0C /* EventsUITests.swift in Sources */,
			);
			runOnlyForDeploymentPostprocessing = 0;
		};
/* End PBXSourcesBuildPhase section */

/* Begin PBXTargetDependency section */
		B14BFD1D2501FA0C0006BE0C /* PBXTargetDependency */ = {
			isa = PBXTargetDependency;
			target = B14BFD012501FA090006BE0C /* Events */;
			targetProxy = B14BFD1C2501FA0C0006BE0C /* PBXContainerItemProxy */;
		};
		B14BFD282501FA0C0006BE0C /* PBXTargetDependency */ = {
			isa = PBXTargetDependency;
			target = B14BFD012501FA090006BE0C /* Events */;
			targetProxy = B14BFD272501FA0C0006BE0C /* PBXContainerItemProxy */;
		};
/* End PBXTargetDependency section */

/* Begin PBXVariantGroup section */
		B14BFD132501FA0C0006BE0C /* LaunchScreen.storyboard */ = {
			isa = PBXVariantGroup;
			children = (
				B14BFD142501FA0C0006BE0C /* Base */,
			);
			name = LaunchScreen.storyboard;
			sourceTree = "<group>";
		};
/* End PBXVariantGroup section */

/* Begin XCBuildConfiguration section */
		B14BFD2D2501FA0C0006BE0C /* Debug */ = {
			isa = XCBuildConfiguration;
			buildSettings = {
				ALWAYS_SEARCH_USER_PATHS = NO;
				CLANG_ANALYZER_NONNULL = YES;
				CLANG_ANALYZER_NUMBER_OBJECT_CONVERSION = YES_AGGRESSIVE;
				CLANG_CXX_LANGUAGE_STANDARD = "gnu++14";
				CLANG_CXX_LIBRARY = "libc++";
				CLANG_ENABLE_MODULES = YES;
				CLANG_ENABLE_OBJC_ARC = YES;
				CLANG_ENABLE_OBJC_WEAK = YES;
				CLANG_WARN_BLOCK_CAPTURE_AUTORELEASING = YES;
				CLANG_WARN_BOOL_CONVERSION = YES;
				CLANG_WARN_COMMA = YES;
				CLANG_WARN_CONSTANT_CONVERSION = YES;
				CLANG_WARN_DEPRECATED_OBJC_IMPLEMENTATIONS = YES;
				CLANG_WARN_DIRECT_OBJC_ISA_USAGE = YES_ERROR;
				CLANG_WARN_DOCUMENTATION_COMMENTS = YES;
				CLANG_WARN_EMPTY_BODY = YES;
				CLANG_WARN_ENUM_CONVERSION = YES;
				CLANG_WARN_INFINITE_RECURSION = YES;
				CLANG_WARN_INT_CONVERSION = YES;
				CLANG_WARN_NON_LITERAL_NULL_CONVERSION = YES;
				CLANG_WARN_OBJC_IMPLICIT_RETAIN_SELF = YES;
				CLANG_WARN_OBJC_LITERAL_CONVERSION = YES;
				CLANG_WARN_OBJC_ROOT_CLASS = YES_ERROR;
				CLANG_WARN_RANGE_LOOP_ANALYSIS = YES;
				CLANG_WARN_STRICT_PROTOTYPES = YES;
				CLANG_WARN_SUSPICIOUS_MOVE = YES;
				CLANG_WARN_UNGUARDED_AVAILABILITY = YES_AGGRESSIVE;
				CLANG_WARN_UNREACHABLE_CODE = YES;
				CLANG_WARN__DUPLICATE_METHOD_MATCH = YES;
				COPY_PHASE_STRIP = NO;
				DEBUG_INFORMATION_FORMAT = dwarf;
				ENABLE_STRICT_OBJC_MSGSEND = YES;
				ENABLE_TESTABILITY = YES;
				GCC_C_LANGUAGE_STANDARD = gnu11;
				GCC_DYNAMIC_NO_PIC = NO;
				GCC_NO_COMMON_BLOCKS = YES;
				GCC_OPTIMIZATION_LEVEL = 0;
				GCC_PREPROCESSOR_DEFINITIONS = (
					"DEBUG=1",
					"$(inherited)",
				);
				GCC_WARN_64_TO_32_BIT_CONVERSION = YES;
				GCC_WARN_ABOUT_RETURN_TYPE = YES_ERROR;
				GCC_WARN_UNDECLARED_SELECTOR = YES;
				GCC_WARN_UNINITIALIZED_AUTOS = YES_AGGRESSIVE;
				GCC_WARN_UNUSED_FUNCTION = YES;
				GCC_WARN_UNUSED_VARIABLE = YES;
				IPHONEOS_DEPLOYMENT_TARGET = 13.5;
				MTL_ENABLE_DEBUG_INFO = INCLUDE_SOURCE;
				MTL_FAST_MATH = YES;
				ONLY_ACTIVE_ARCH = YES;
				SDKROOT = iphoneos;
				SWIFT_ACTIVE_COMPILATION_CONDITIONS = DEBUG;
				SWIFT_OPTIMIZATION_LEVEL = "-Onone";
			};
			name = Debug;
		};
		B14BFD2E2501FA0C0006BE0C /* Release */ = {
			isa = XCBuildConfiguration;
			buildSettings = {
				ALWAYS_SEARCH_USER_PATHS = NO;
				CLANG_ANALYZER_NONNULL = YES;
				CLANG_ANALYZER_NUMBER_OBJECT_CONVERSION = YES_AGGRESSIVE;
				CLANG_CXX_LANGUAGE_STANDARD = "gnu++14";
				CLANG_CXX_LIBRARY = "libc++";
				CLANG_ENABLE_MODULES = YES;
				CLANG_ENABLE_OBJC_ARC = YES;
				CLANG_ENABLE_OBJC_WEAK = YES;
				CLANG_WARN_BLOCK_CAPTURE_AUTORELEASING = YES;
				CLANG_WARN_BOOL_CONVERSION = YES;
				CLANG_WARN_COMMA = YES;
				CLANG_WARN_CONSTANT_CONVERSION = YES;
				CLANG_WARN_DEPRECATED_OBJC_IMPLEMENTATIONS = YES;
				CLANG_WARN_DIRECT_OBJC_ISA_USAGE = YES_ERROR;
				CLANG_WARN_DOCUMENTATION_COMMENTS = YES;
				CLANG_WARN_EMPTY_BODY = YES;
				CLANG_WARN_ENUM_CONVERSION = YES;
				CLANG_WARN_INFINITE_RECURSION = YES;
				CLANG_WARN_INT_CONVERSION = YES;
				CLANG_WARN_NON_LITERAL_NULL_CONVERSION = YES;
				CLANG_WARN_OBJC_IMPLICIT_RETAIN_SELF = YES;
				CLANG_WARN_OBJC_LITERAL_CONVERSION = YES;
				CLANG_WARN_OBJC_ROOT_CLASS = YES_ERROR;
				CLANG_WARN_RANGE_LOOP_ANALYSIS = YES;
				CLANG_WARN_STRICT_PROTOTYPES = YES;
				CLANG_WARN_SUSPICIOUS_MOVE = YES;
				CLANG_WARN_UNGUARDED_AVAILABILITY = YES_AGGRESSIVE;
				CLANG_WARN_UNREACHABLE_CODE = YES;
				CLANG_WARN__DUPLICATE_METHOD_MATCH = YES;
				COPY_PHASE_STRIP = NO;
				DEBUG_INFORMATION_FORMAT = "dwarf-with-dsym";
				ENABLE_NS_ASSERTIONS = NO;
				ENABLE_STRICT_OBJC_MSGSEND = YES;
				GCC_C_LANGUAGE_STANDARD = gnu11;
				GCC_NO_COMMON_BLOCKS = YES;
				GCC_WARN_64_TO_32_BIT_CONVERSION = YES;
				GCC_WARN_ABOUT_RETURN_TYPE = YES_ERROR;
				GCC_WARN_UNDECLARED_SELECTOR = YES;
				GCC_WARN_UNINITIALIZED_AUTOS = YES_AGGRESSIVE;
				GCC_WARN_UNUSED_FUNCTION = YES;
				GCC_WARN_UNUSED_VARIABLE = YES;
				IPHONEOS_DEPLOYMENT_TARGET = 13.5;
				MTL_ENABLE_DEBUG_INFO = NO;
				MTL_FAST_MATH = YES;
				SDKROOT = iphoneos;
				SWIFT_COMPILATION_MODE = wholemodule;
				SWIFT_OPTIMIZATION_LEVEL = "-O";
				VALIDATE_PRODUCT = YES;
			};
			name = Release;
		};
		B14BFD302501FA0C0006BE0C /* Debug */ = {
			isa = XCBuildConfiguration;
			buildSettings = {
				ASSETCATALOG_COMPILER_APPICON_NAME = AppIcon;
				CODE_SIGN_STYLE = Automatic;
				DEVELOPMENT_TEAM = ZK5547X8BL;
				INFOPLIST_FILE = Events/Info.plist;
				LD_RUNPATH_SEARCH_PATHS = (
					"$(inherited)",
					"@executable_path/Frameworks",
				);
				PRODUCT_BUNDLE_IDENTIFIER = com.pujiwahono.Events;
				PRODUCT_NAME = "$(TARGET_NAME)";
				SWIFT_VERSION = 5.0;
				TARGETED_DEVICE_FAMILY = "1,2";
			};
			name = Debug;
		};
		B14BFD312501FA0C0006BE0C /* Release */ = {
			isa = XCBuildConfiguration;
			buildSettings = {
				ASSETCATALOG_COMPILER_APPICON_NAME = AppIcon;
				CODE_SIGN_STYLE = Automatic;
				DEVELOPMENT_TEAM = ZK5547X8BL;
				INFOPLIST_FILE = Events/Info.plist;
				LD_RUNPATH_SEARCH_PATHS = (
					"$(inherited)",
					"@executable_path/Frameworks",
				);
				PRODUCT_BUNDLE_IDENTIFIER = com.pujiwahono.Events;
				PRODUCT_NAME = "$(TARGET_NAME)";
				SWIFT_VERSION = 5.0;
				TARGETED_DEVICE_FAMILY = "1,2";
			};
			name = Release;
		};
		B14BFD332501FA0C0006BE0C /* Debug */ = {
			isa = XCBuildConfiguration;
			buildSettings = {
				ALWAYS_EMBED_SWIFT_STANDARD_LIBRARIES = YES;
				BUNDLE_LOADER = "$(TEST_HOST)";
				CODE_SIGN_STYLE = Automatic;
				DEVELOPMENT_TEAM = ZK5547X8BL;
				INFOPLIST_FILE = EventsTests/Info.plist;
				IPHONEOS_DEPLOYMENT_TARGET = 13.5;
				LD_RUNPATH_SEARCH_PATHS = (
					"$(inherited)",
					"@executable_path/Frameworks",
					"@loader_path/Frameworks",
				);
				PRODUCT_BUNDLE_IDENTIFIER = com.pujiwahono.EventsTests;
				PRODUCT_NAME = "$(TARGET_NAME)";
				SWIFT_VERSION = 5.0;
				TARGETED_DEVICE_FAMILY = "1,2";
				TEST_HOST = "$(BUILT_PRODUCTS_DIR)/Events.app/Events";
			};
			name = Debug;
		};
		B14BFD342501FA0C0006BE0C /* Release */ = {
			isa = XCBuildConfiguration;
			buildSettings = {
				ALWAYS_EMBED_SWIFT_STANDARD_LIBRARIES = YES;
				BUNDLE_LOADER = "$(TEST_HOST)";
				CODE_SIGN_STYLE = Automatic;
				DEVELOPMENT_TEAM = ZK5547X8BL;
				INFOPLIST_FILE = EventsTests/Info.plist;
				IPHONEOS_DEPLOYMENT_TARGET = 13.5;
				LD_RUNPATH_SEARCH_PATHS = (
					"$(inherited)",
					"@executable_path/Frameworks",
					"@loader_path/Frameworks",
				);
				PRODUCT_BUNDLE_IDENTIFIER = com.pujiwahono.EventsTests;
				PRODUCT_NAME = "$(TARGET_NAME)";
				SWIFT_VERSION = 5.0;
				TARGETED_DEVICE_FAMILY = "1,2";
				TEST_HOST = "$(BUILT_PRODUCTS_DIR)/Events.app/Events";
			};
			name = Release;
		};
		B14BFD362501FA0C0006BE0C /* Debug */ = {
			isa = XCBuildConfiguration;
			buildSettings = {
				ALWAYS_EMBED_SWIFT_STANDARD_LIBRARIES = YES;
				CODE_SIGN_STYLE = Automatic;
				DEVELOPMENT_TEAM = ZK5547X8BL;
				INFOPLIST_FILE = EventsUITests/Info.plist;
				LD_RUNPATH_SEARCH_PATHS = (
					"$(inherited)",
					"@executable_path/Frameworks",
					"@loader_path/Frameworks",
				);
				PRODUCT_BUNDLE_IDENTIFIER = com.pujiwahono.EventsUITests;
				PRODUCT_NAME = "$(TARGET_NAME)";
				SWIFT_VERSION = 5.0;
				TARGETED_DEVICE_FAMILY = "1,2";
				TEST_TARGET_NAME = Events;
			};
			name = Debug;
		};
		B14BFD372501FA0C0006BE0C /* Release */ = {
			isa = XCBuildConfiguration;
			buildSettings = {
				ALWAYS_EMBED_SWIFT_STANDARD_LIBRARIES = YES;
				CODE_SIGN_STYLE = Automatic;
				DEVELOPMENT_TEAM = ZK5547X8BL;
				INFOPLIST_FILE = EventsUITests/Info.plist;
				LD_RUNPATH_SEARCH_PATHS = (
					"$(inherited)",
					"@executable_path/Frameworks",
					"@loader_path/Frameworks",
				);
				PRODUCT_BUNDLE_IDENTIFIER = com.pujiwahono.EventsUITests;
				PRODUCT_NAME = "$(TARGET_NAME)";
				SWIFT_VERSION = 5.0;
				TARGETED_DEVICE_FAMILY = "1,2";
				TEST_TARGET_NAME = Events;
			};
			name = Release;
		};
/* End XCBuildConfiguration section */

/* Begin XCConfigurationList section */
		B14BFCFD2501FA090006BE0C /* Build configuration list for PBXProject "Events" */ = {
			isa = XCConfigurationList;
			buildConfigurations = (
				B14BFD2D2501FA0C0006BE0C /* Debug */,
				B14BFD2E2501FA0C0006BE0C /* Release */,
			);
			defaultConfigurationIsVisible = 0;
			defaultConfigurationName = Release;
		};
		B14BFD2F2501FA0C0006BE0C /* Build configuration list for PBXNativeTarget "Events" */ = {
			isa = XCConfigurationList;
			buildConfigurations = (
				B14BFD302501FA0C0006BE0C /* Debug */,
				B14BFD312501FA0C0006BE0C /* Release */,
			);
			defaultConfigurationIsVisible = 0;
			defaultConfigurationName = Release;
		};
		B14BFD322501FA0C0006BE0C /* Build configuration list for PBXNativeTarget "EventsTests" */ = {
			isa = XCConfigurationList;
			buildConfigurations = (
				B14BFD332501FA0C0006BE0C /* Debug */,
				B14BFD342501FA0C0006BE0C /* Release */,
			);
			defaultConfigurationIsVisible = 0;
			defaultConfigurationName = Release;
		};
		B14BFD352501FA0C0006BE0C /* Build configuration list for PBXNativeTarget "EventsUITests" */ = {
			isa = XCConfigurationList;
			buildConfigurations = (
				B14BFD362501FA0C0006BE0C /* Debug */,
				B14BFD372501FA0C0006BE0C /* Release */,
			);
			defaultConfigurationIsVisible = 0;
			defaultConfigurationName = Release;
		};
/* End XCConfigurationList section */

/* Begin XCVersionGroup section */
		B14BFD0E2501FA090006BE0C /* Events.xcdatamodeld */ = {
			isa = XCVersionGroup;
			children = (
				B14BFD0F2501FA090006BE0C /* Events.xcdatamodel */,
			);
			currentVersion = B14BFD0F2501FA090006BE0C /* Events.xcdatamodel */;
			path = Events.xcdatamodeld;
			sourceTree = "<group>";
			versionGroupType = wrapper.xcdatamodel;
		};
/* End XCVersionGroup section */
	};
	rootObject = B14BFCFA2501FA090006BE0C /* Project object */;
}
